#MicroXplorer Configuration settings - do not modify
CAN1.BS1=CAN_BS1_13TQ
CAN1.BS2=CAN_BS2_2TQ
CAN1.CalculateTimeQuantum=500.0
CAN1.IPParameters=CalculateTimeQuantum,Prescaler,BS1,BS2,Mode,NART
CAN1.Mode=CAN_MODE_NORMAL
CAN1.NART=DISABLE
CAN1.Prescaler=8
ETH.AutoNegotiation=ETH_AUTONEGOTIATION_DISABLE
ETH.DuplexMode=ETH_MODE_HALFDUPLEX
ETH.IPParameters=MediaInterface,PhyAddress,AutoNegotiation,PHY_Name_MII,PHY_SR,PHY_DUPLEX_STATUS,PHY_SPEED_STATUS,DuplexMode,Speed
ETH.MediaInterface=ETH_MEDIA_INTERFACE_MII
ETH.PHY_DUPLEX_STATUS=0x0010
ETH.PHY_Name_MII=userPHY
ETH.PHY_SPEED_STATUS=0x0004
ETH.PHY_SR=0x1F
ETH.PhyAddress=1
ETH.Speed=ETH_SPEED_10M
FREERTOS.FootprintOK=true
FREERTOS.IPParameters=Tasks01,configTOTAL_HEAP_SIZE,FootprintOK
FREERTOS.Tasks01=defaultTask,0,256,StartDefaultTask,Default,NULL,Dynamic,NULL,NULL;canTask,-3,512,StartCanTask,Default,NULL,Dynamic,NULL,NULL
FREERTOS.configTOTAL_HEAP_SIZE=32768
FSMC.AttributeSpaceHiZSetupTime1=0x1
FSMC.AttributeSpaceHoldSetupTime1=0x2
FSMC.AttributeSpaceSetupTime1=0x1
FSMC.AttributeSpaceWaitSetupTime1=0x3
FSMC.CommonSpaceHiZSetupTime1=0x1
FSMC.CommonSpaceHoldSetupTime1=0x2
FSMC.CommonSpaceSetupTime1=0x1
FSMC.CommonSpaceWaitSetupTime1=0x3
FSMC.ECCPageSize1=FSMC_NAND_ECC_PAGE_SIZE_512BYTE
FSMC.IPParameters=CommonSpaceSetupTime1,CommonSpaceWaitSetupTime1,CommonSpaceHoldSetupTime1,CommonSpaceHiZSetupTime1,AttributeSpaceSetupTime1,AttributeSpaceWaitSetupTime1,AttributeSpaceHoldSetupTime1,AttributeSpaceHiZSetupTime1,NandPageSize1,NandSpareAreaSize1,NandBlockSize1,NandBlockNbr1,ECCPageSize1
FSMC.NandBlockNbr1=0x400
FSMC.NandBlockSize1=0x40
FSMC.NandPageSize1=0x800
FSMC.NandSpareAreaSize1=0x40
File.Version=6
KeepUserPlacement=false
LWIP.GATEWAY_ADDRESS=192.168.005.001
LWIP.IPParameters=LWIP_DHCP,IP_ADDRESS,NETMASK_ADDRESS,GATEWAY_ADDRESS,LWIP_TCP,MEM_SIZE,MEMP_NUM_TCP_PCB,MEMP_NUM_PBUF,MEMP_NUM_TCP_PCB_LISTEN,MEMP_NUM_TCP_SEG,MEMP_NUM_UDP_PCB
LWIP.IP_ADDRESS=192.168.005.085
LWIP.LWIP_DHCP=0
LWIP.LWIP_TCP=0
LWIP.MEMP_NUM_PBUF=24
LWIP.MEMP_NUM_TCP_PCB=1
LWIP.MEMP_NUM_TCP_PCB_LISTEN=1
LWIP.MEMP_NUM_TCP_SEG=4
LWIP.MEMP_NUM_UDP_PCB=6
LWIP.MEM_SIZE=10000
LWIP.NETMASK_ADDRESS=255.255.255.000
LWIP.Version=v2.0.3_Cube
Mcu.Family=STM32F4
Mcu.IP0=CAN1
Mcu.IP1=ETH
Mcu.IP2=FREERTOS
Mcu.IP3=FSMC
Mcu.IP4=LWIP
Mcu.IP5=NVIC
Mcu.IP6=RCC
Mcu.IP7=RTC
Mcu.IP8=SYS
Mcu.IPNb=9
Mcu.Name=STM32F407V(E-G)Tx
Mcu.Package=LQFP100
Mcu.Pin0=PC14-OSC32_IN
Mcu.Pin1=PC15-OSC32_OUT
Mcu.Pin10=PA3
Mcu.Pin11=PA7
Mcu.Pin12=PC4
Mcu.Pin13=PC5
Mcu.Pin14=PB0
Mcu.Pin15=PB1
Mcu.Pin16=PE7
Mcu.Pin17=PE8
Mcu.Pin18=PE9
Mcu.Pin19=PE10
Mcu.Pin2=PH0-OSC_IN
Mcu.Pin20=PB10
Mcu.Pin21=PB11
Mcu.Pin22=PB12
Mcu.Pin23=PB13
Mcu.Pin24=PD11
Mcu.Pin25=PD12
Mcu.Pin26=PD13
Mcu.Pin27=PD14
Mcu.Pin28=PD15
Mcu.Pin29=PC6
Mcu.Pin3=PH1-OSC_OUT
Mcu.Pin30=PA11
Mcu.Pin31=PA12
Mcu.Pin32=PD0
Mcu.Pin33=PD1
Mcu.Pin34=PD4
Mcu.Pin35=PD5
Mcu.Pin36=PD6
Mcu.Pin37=PD7
Mcu.Pin38=PB8
Mcu.Pin39=VP_FREERTOS_VS_ENABLE
Mcu.Pin4=PC1
Mcu.Pin40=VP_LWIP_VS_Enabled
Mcu.Pin41=VP_RTC_VS_RTC_Activate
Mcu.Pin42=VP_SYS_VS_tim1
Mcu.Pin5=PC2
Mcu.Pin6=PC3
Mcu.Pin7=PA0-WKUP
Mcu.Pin8=PA1
Mcu.Pin9=PA2
Mcu.PinsNb=43
Mcu.ThirdPartyNb=0
Mcu.UserConstants=
Mcu.UserName=STM32F407VETx
MxCube.Version=5.0.1
MxDb.Version=DB.5.0.1
NVIC.BusFault_IRQn=true\:0\:0\:false\:false\:true\:false\:false
NVIC.CAN1_RX0_IRQn=true\:5\:0\:true\:false\:true\:true\:true
NVIC.DebugMonitor_IRQn=true\:0\:0\:false\:false\:true\:false\:false
NVIC.ETH_IRQn=true\:5\:0\:true\:false\:true\:true\:false
NVIC.HardFault_IRQn=true\:0\:0\:false\:false\:true\:false\:false
NVIC.MemoryManagement_IRQn=true\:0\:0\:false\:false\:true\:false\:false
NVIC.NonMaskableInt_IRQn=true\:0\:0\:false\:false\:true\:false\:false
NVIC.PendSV_IRQn=true\:15\:0\:false\:false\:false\:true\:false
NVIC.PriorityGroup=NVIC_PRIORITYGROUP_4
NVIC.SVCall_IRQn=true\:0\:0\:false\:false\:false\:false\:false
NVIC.SysTick_IRQn=true\:15\:0\:false\:false\:false\:true\:false
NVIC.TIM1_UP_TIM10_IRQn=true\:0\:0\:false\:false\:true\:false\:false
NVIC.TimeBase=TIM1_UP_TIM10_IRQn
NVIC.TimeBaseIP=TIM1
NVIC.UsageFault_IRQn=true\:0\:0\:false\:false\:true\:false\:false
PA0-WKUP.Mode=MII
PA0-WKUP.Signal=ETH_CRS
PA1.Mode=MII
PA1.Signal=ETH_RX_CLK
PA11.GPIOParameters=GPIO_PuPd
PA11.GPIO_PuPd=GPIO_PULLUP
PA11.Mode=Master
PA11.Signal=CAN1_RX
PA12.Mode=Master
PA12.Signal=CAN1_TX
PA2.Mode=MII
PA2.Signal=ETH_MDIO
PA3.Mode=MII
PA3.Signal=ETH_COL
PA7.Mode=MII
PA7.Signal=ETH_RX_DV
PB0.Mode=MII
PB0.Signal=ETH_RXD2
PB1.Mode=MII
PB1.Signal=ETH_RXD3
PB10.Mode=Activate Rx Err signal
PB10.Signal=ETH_RX_ER
PB11.Mode=MII
PB11.Signal=ETH_TX_EN
PB12.Mode=MII
PB12.Signal=ETH_TXD0
PB13.Mode=MII
PB13.Signal=ETH_TXD1
PB8.Locked=true
PB8.Mode=MII
PB8.Signal=ETH_TXD3
PC1.Mode=MII
PC1.Signal=ETH_MDC
PC14-OSC32_IN.Mode=LSE-External-Oscillator
PC14-OSC32_IN.Signal=RCC_OSC32_IN
PC15-OSC32_OUT.Mode=LSE-External-Oscillator
PC15-OSC32_OUT.Signal=RCC_OSC32_OUT
PC2.Mode=MII
PC2.Signal=ETH_TXD2
PC3.Mode=MII
PC3.Signal=ETH_TX_CLK
PC4.Mode=MII
PC4.Signal=ETH_RXD0
PC5.Mode=MII
PC5.Signal=ETH_RXD1
PC6.Locked=true
PC6.Signal=GPIO_Output
PCC.Checker=false
PCC.Line=STM32F407/417
PCC.MCU=STM32F407V(E-G)Tx
PCC.PartNumber=STM32F407VETx
PCC.Seq0=0
PCC.Series=STM32F4
PCC.Temperature=25
PCC.Vdd=3.3
PD0.GPIOParameters=GPIO_PuPd
PD0.GPIO_PuPd=GPIO_PULLUP
PD0.Mode=8b-dmux1
PD0.Signal=FSMC_D2
PD1.GPIOParameters=GPIO_PuPd
PD1.GPIO_PuPd=GPIO_PULLUP
PD1.Mode=8b-dmux1
PD1.Signal=FSMC_D3
PD11.GPIOParameters=GPIO_PuPd
PD11.GPIO_PuPd=GPIO_PULLUP
PD11.Mode=8b-dmux1
PD11.Signal=FSMC_CLE
PD12.GPIOParameters=GPIO_PuPd
PD12.GPIO_PuPd=GPIO_PULLUP
PD12.Mode=8b-dmux1
PD12.Signal=FSMC_ALE
PD13.GPIOParameters=GPIO_PuPd,GPIO_Label
PD13.GPIO_Label=CE
PD13.GPIO_PuPd=GPIO_PULLUP
PD13.Locked=true
PD13.Signal=GPIO_Output
PD14.GPIOParameters=GPIO_PuPd
PD14.GPIO_PuPd=GPIO_PULLUP
PD14.Mode=8b-dmux1
PD14.Signal=FSMC_D0
PD15.GPIOParameters=GPIO_PuPd
PD15.GPIO_PuPd=GPIO_PULLUP
PD15.Mode=8b-dmux1
PD15.Signal=FSMC_D1
PD4.GPIOParameters=GPIO_PuPd
PD4.GPIO_PuPd=GPIO_PULLUP
PD4.Mode=8b-dmux1
PD4.Signal=FSMC_NOE
PD5.GPIOParameters=GPIO_PuPd
PD5.GPIO_PuPd=GPIO_PULLUP
PD5.Mode=8b-dmux1
PD5.Signal=FSMC_NWE
PD6.GPIOParameters=GPIO_PuPd
PD6.GPIO_PuPd=GPIO_PULLUP
PD6.Mode=Wait1
PD6.Signal=FSMC_NWAIT
PD7.GPIOParameters=GPIO_PuPd
PD7.GPIO_PuPd=GPIO_PULLUP
PD7.Mode=NandChipSelect2_1
PD7.Signal=FSMC_NCE2
PE10.GPIOParameters=GPIO_PuPd
PE10.GPIO_PuPd=GPIO_PULLUP
PE10.Mode=8b-dmux1
PE10.Signal=FSMC_D7
PE7.GPIOParameters=GPIO_PuPd
PE7.GPIO_PuPd=GPIO_PULLUP
PE7.Mode=8b-dmux1
PE7.Signal=FSMC_D4
PE8.GPIOParameters=GPIO_PuPd
PE8.GPIO_PuPd=GPIO_PULLUP
PE8.Mode=8b-dmux1
PE8.Signal=FSMC_D5
PE9.GPIOParameters=GPIO_PuPd
PE9.GPIO_PuPd=GPIO_PULLUP
PE9.Mode=8b-dmux1
PE9.Signal=FSMC_D6
PH0-OSC_IN.Mode=HSE-External-Oscillator
PH0-OSC_IN.Signal=RCC_OSC_IN
PH1-OSC_OUT.Mode=HSE-External-Oscillator
PH1-OSC_OUT.Signal=RCC_OSC_OUT
PinOutPanel.RotationAngle=0
ProjectManager.AskForMigrate=true
ProjectManager.BackupPrevious=false
ProjectManager.CompilerOptimize=6
ProjectManager.ComputerToolchain=false
ProjectManager.CoupleFile=true
ProjectManager.CustomerFirmwarePackage=
ProjectManager.DefaultFWLocation=true
ProjectManager.DeletePrevious=true
ProjectManager.DeviceId=STM32F407VETx
ProjectManager.FirmwarePackage=STM32Cube FW_F4 V1.23.0
ProjectManager.FreePins=false
ProjectManager.HalAssertFull=false
ProjectManager.HeapSize=0x2000
ProjectManager.KeepUserCode=true
ProjectManager.LastFirmware=true
ProjectManager.LibraryCopy=1
ProjectManager.MainLocation=Src
ProjectManager.NoMain=false
ProjectManager.PreviousToolchain=TrueSTUDIO
ProjectManager.ProjectBuild=false
ProjectManager.ProjectFileName=project.ioc
ProjectManager.ProjectName=project
ProjectManager.StackSize=0x4000
ProjectManager.TargetToolchain=TrueSTUDIO
ProjectManager.ToolChainLocation=
ProjectManager.UnderRoot=true
ProjectManager.functionlistsort=1-MX_GPIO_Init-GPIO-false-HAL-true,2-SystemClock_Config-RCC-false-HAL-false,3-MX_LWIP_Init-LWIP-false-HAL-true,4-MX_FSMC_Init-FSMC-false-HAL-true,5-MX_CAN1_Init-CAN1-false-HAL-true,6-MX_RTC_Init-RTC-false-HAL-true
RCC.48MHZClocksFreq_Value=64000000
RCC.AHBFreq_Value=128000000
RCC.APB1CLKDivider=RCC_HCLK_DIV8
RCC.APB1Freq_Value=16000000
RCC.APB1TimFreq_Value=32000000
RCC.APB2CLKDivider=RCC_HCLK_DIV2
RCC.APB2Freq_Value=64000000
RCC.APB2TimFreq_Value=128000000
RCC.CortexFreq_Value=128000000
RCC.EthernetFreq_Value=128000000
RCC.FCLKCortexFreq_Value=128000000
RCC.FamilyName=M
RCC.HCLKFreq_Value=128000000
RCC.HSE_VALUE=25000000
RCC.HSI_VALUE=16000000
RCC.I2SClocksFreq_Value=96000000
RCC.IPParameters=48MHZClocksFreq_Value,AHBFreq_Value,APB1CLKDivider,APB1Freq_Value,APB1TimFreq_Value,APB2CLKDivider,APB2Freq_Value,APB2TimFreq_Value,CortexFreq_Value,EthernetFreq_Value,FCLKCortexFreq_Value,FamilyName,HCLKFreq_Value,HSE_VALUE,HSI_VALUE,I2SClocksFreq_Value,LSI_VALUE,MCO2PinFreq_Value,PLLCLKFreq_Value,PLLM,PLLN,PLLQCLKFreq_Value,PLLSourceVirtual,RCC_RTC_Clock_Source,RCC_RTC_Clock_SourceVirtual,RCC_RTC_Clock_Source_FROM_HSE,RTCFreq_Value,RTCHSEDivFreq_Value,SYSCLKFreq_VALUE,SYSCLKSource,VCOI2SOutputFreq_Value,VCOInputFreq_Value,VCOOutputFreq_Value,VcooutputI2S
RCC.LSI_VALUE=32000
RCC.MCO2PinFreq_Value=128000000
RCC.PLLCLKFreq_Value=128000000
RCC.PLLM=25
RCC.PLLN=256
RCC.PLLQCLKFreq_Value=64000000
RCC.PLLSourceVirtual=RCC_PLLSOURCE_HSE
RCC.RCC_RTC_Clock_Source=RCC_RTCCLKSOURCE_LSE
RCC.RCC_RTC_Clock_SourceVirtual=RCC_RTCCLKSOURCE_HSE_DIV25
RCC.RCC_RTC_Clock_Source_FROM_HSE=RCC_RTCCLKSOURCE_HSE_DIV25
RCC.RTCFreq_Value=32768
RCC.RTCHSEDivFreq_Value=1000000
RCC.SYSCLKFreq_VALUE=128000000
RCC.SYSCLKSource=RCC_SYSCLKSOURCE_PLLCLK
RCC.VCOI2SOutputFreq_Value=192000000
RCC.VCOInputFreq_Value=1000000
RCC.VCOOutputFreq_Value=256000000
RCC.VcooutputI2S=96000000
RTC.AsynchPrediv=127
RTC.IPParameters=AsynchPrediv,SynchPrediv
RTC.SynchPrediv=255
VP_FREERTOS_VS_ENABLE.Mode=Enabled
VP_FREERTOS_VS_ENABLE.Signal=FREERTOS_VS_ENABLE
VP_LWIP_VS_Enabled.Mode=Enabled
VP_LWIP_VS_Enabled.Signal=LWIP_VS_Enabled
VP_RTC_VS_RTC_Activate.Mode=RTC_Enabled
VP_RTC_VS_RTC_Activate.Signal=RTC_VS_RTC_Activate
VP_SYS_VS_tim1.Mode=TIM1
VP_SYS_VS_tim1.Signal=SYS_VS_tim1
board=custom
